// !$*UTF8*$!
{
	archiveVersion = 1;
	classes = {
	};
	objectVersion = 77;
	objects = {

/* Begin PBXContainerItemProxy section */
		EAD643932D6C655700B39B52 /* PBXContainerItemProxy */ = {
			isa = PBXContainerItemProxy;
			containerPortal = EAD6437A2D6C655500B39B52 /* Project object */;
			proxyType = 1;
			remoteGlobalIDString = EAD643812D6C655500B39B52;
			remoteInfo = "life-insurance-predictor";
		};
		EAD6439D2D6C655700B39B52 /* PBXContainerItemProxy */ = {
			isa = PBXContainerItemProxy;
			containerPortal = EAD6437A2D6C655500B39B52 /* Project object */;
			proxyType = 1;
			remoteGlobalIDString = EAD643812D6C655500B39B52;
			remoteInfo = "life-insurance-predictor";
		};
/* End PBXContainerItemProxy section */

/* Begin PBXFileReference section */
		EAD643822D6C655500B39B52 /* life-insurance-predictor.app */ = {isa = PBXFileReference; explicitFileType = wrapper.application; includeInIndex = 0; path = "life-insurance-predictor.app"; sourceTree = BUILT_PRODUCTS_DIR; };
		EAD643922D6C655700B39B52 /* life-insurance-predictorTests.xctest */ = {isa = PBXFileReference; explicitFileType = wrapper.cfbundle; includeInIndex = 0; path = "life-insurance-predictorTests.xctest"; sourceTree = BUILT_PRODUCTS_DIR; };
		EAD6439C2D6C655700B39B52 /* life-insurance-predictorUITests.xctest */ = {isa = PBXFileReference; explicitFileType = wrapper.cfbundle; includeInIndex = 0; path = "life-insurance-predictorUITests.xctest"; sourceTree = BUILT_PRODUCTS_DIR; };
/* End PBXFileReference section */

/* Begin PBXFileSystemSynchronizedRootGroup section */
		EAD643842D6C655500B39B52 /* life-insurance-predictor */ = {
			isa = PBXFileSystemSynchronizedRootGroup;
			path = "life-insurance-predictor";
			sourceTree = "<group>";
		};
		EAD643952D6C655700B39B52 /* life-insurance-predictorTests */ = {
			isa = PBXFileSystemSynchronizedRootGroup;
			path = "life-insurance-predictorTests";
			sourceTree = "<group>";
		};
		EAD6439F2D6C655700B39B52 /* life-insurance-predictorUITests */ = {
			isa = PBXFileSystemSynchronizedRootGroup;
			path = "life-insurance-predictorUITests";
			sourceTree = "<group>";
		};
/* End PBXFileSystemSynchronizedRootGroup section */

/* Begin PBXFrameworksBuildPhase section */
		EAD6437F2D6C655500B39B52 /* Frameworks */ = {
			isa = PBXFrameworksBuildPhase;
			buildActionMask = 2147483647;
			files = (
			);
			runOnlyForDeploymentPostprocessing = 0;
		};
		EAD6438F2D6C655700B39B52 /* Frameworks */ = {
			isa = PBXFrameworksBuildPhase;
			buildActionMask = 2147483647;
			files = (
			);
			runOnlyForDeploymentPostprocessing = 0;
		};
		EAD643992D6C655700B39B52 /* Frameworks */ = {
			isa = PBXFrameworksBuildPhase;
			buildActionMask = 2147483647;
			files = (
			);
			runOnlyForDeploymentPostprocessing = 0;
		};
/* End PBXFrameworksBuildPhase section */

/* Begin PBXGroup section */
		EAD643792D6C655500B39B52 = {
			isa = PBXGroup;
			children = (
				EAD643842D6C655500B39B52 /* life-insurance-predictor */,
				EAD643952D6C655700B39B52 /* life-insurance-predictorTests */,
				EAD6439F2D6C655700B39B52 /* life-insurance-predictorUITests */,
				EAD643832D6C655500B39B52 /* Products */,
			);
			sourceTree = "<group>";
		};
		EAD643832D6C655500B39B52 /* Products */ = {
			isa = PBXGroup;
			children = (
				EAD643822D6C655500B39B52 /* life-insurance-predictor.app */,
				EAD643922D6C655700B39B52 /* life-insurance-predictorTests.xctest */,
				EAD6439C2D6C655700B39B52 /* life-insurance-predictorUITests.xctest */,
			);
			name = Products;
			sourceTree = "<group>";
		};
/* End PBXGroup section */

/* Begin PBXNativeTarget section */
		EAD643812D6C655500B39B52 /* life-insurance-predictor */ = {
			isa = PBXNativeTarget;
			buildConfigurationList = EAD643A62D6C655700B39B52 /* Build configuration list for PBXNativeTarget "life-insurance-predictor" */;
			buildPhases = (
				EAD6437E2D6C655500B39B52 /* Sources */,
				EAD6437F2D6C655500B39B52 /* Frameworks */,
				EAD643802D6C655500B39B52 /* Resources */,
			);
			buildRules = (
			);
			dependencies = (
			);
			fileSystemSynchronizedGroups = (
				EAD643842D6C655500B39B52 /* life-insurance-predictor */,
			);
			name = "life-insurance-predictor";
			packageProductDependencies = (
			);
			productName = "life-insurance-predictor";
			productReference = EAD643822D6C655500B39B52 /* life-insurance-predictor.app */;
			productType = "com.apple.product-type.application";
		};
		EAD643912D6C655700B39B52 /* life-insurance-predictorTests */ = {
			isa = PBXNativeTarget;
			buildConfigurationList = EAD643A92D6C655700B39B52 /* Build configuration list for PBXNativeTarget "life-insurance-predictorTests" */;
			buildPhases = (
				EAD6438E2D6C655700B39B52 /* Sources */,
				EAD6438F2D6C655700B39B52 /* Frameworks */,
				EAD643902D6C655700B39B52 /* Resources */,
			);
			buildRules = (
			);
			dependencies = (
				EAD643942D6C655700B39B52 /* PBXTargetDependency */,
			);
			fileSystemSynchronizedGroups = (
				EAD643952D6C655700B39B52 /* life-insurance-predictorTests */,
			);
			name = "life-insurance-predictorTests";
			packageProductDependencies = (
			);
			productName = "life-insurance-predictorTests";
			productReference = EAD643922D6C655700B39B52 /* life-insurance-predictorTests.xctest */;
			productType = "com.apple.product-type.bundle.unit-test";
		};
		EAD6439B2D6C655700B39B52 /* life-insurance-predictorUITests */ = {
			isa = PBXNativeTarget;
			buildConfigurationList = EAD643AC2D6C655700B39B52 /* Build configuration list for PBXNativeTarget "life-insurance-predictorUITests" */;
			buildPhases = (
				EAD643982D6C655700B39B52 /* Sources */,
				EAD643992D6C655700B39B52 /* Frameworks */,
				EAD6439A2D6C655700B39B52 /* Resources */,
			);
			buildRules = (
			);
			dependencies = (
				EAD6439E2D6C655700B39B52 /* PBXTargetDependency */,
			);
			fileSystemSynchronizedGroups = (
				EAD6439F2D6C655700B39B52 /* life-insurance-predictorUITests */,
			);
			name = "life-insurance-predictorUITests";
			packageProductDependencies = (
			);
			productName = "life-insurance-predictorUITests";
			productReference = EAD6439C2D6C655700B39B52 /* life-insurance-predictorUITests.xctest */;
			productType = "com.apple.product-type.bundle.ui-testing";
		};
/* End PBXNativeTarget section */

/* Begin PBXProject section */
		EAD6437A2D6C655500B39B52 /* Project object */ = {
			isa = PBXProject;
			attributes = {
				BuildIndependentTargetsInParallel = 1;
				LastSwiftUpdateCheck = 1620;
				LastUpgradeCheck = 1620;
				TargetAttributes = {
					EAD643812D6C655500B39B52 = {
						CreatedOnToolsVersion = 16.2;
					};
					EAD643912D6C655700B39B52 = {
						CreatedOnToolsVersion = 16.2;
						TestTargetID = EAD643812D6C655500B39B52;
					};
					EAD6439B2D6C655700B39B52 = {
						CreatedOnToolsVersion = 16.2;
						TestTargetID = EAD643812D6C655500B39B52;
					};
				};
			};
			buildConfigurationList = EAD6437D2D6C655500B39B52 /* Build configuration list for PBXProject "life-insurance-predictor" */;
			developmentRegion = en;
			hasScannedForEncodings = 0;
			knownRegions = (
				en,
				Base,
			);
			mainGroup = EAD643792D6C655500B39B52;
			minimizedProjectReferenceProxies = 1;
			preferredProjectObjectVersion = 77;
			productRefGroup = EAD643832D6C655500B39B52 /* Products */;
			projectDirPath = "";
			projectRoot = "";
			targets = (
				EAD643812D6C655500B39B52 /* life-insurance-predictor */,
				EAD643912D6C655700B39B52 /* life-insurance-predictorTests */,
				EAD6439B2D6C655700B39B52 /* life-insurance-predictorUITests */,
			);
		};
/* End PBXProject section */

/* Begin PBXResourcesBuildPhase section */
		EAD643802D6C655500B39B52 /* Resources */ = {
			isa = PBXResourcesBuildPhase;
			buildActionMask = 2147483647;
			files = (
			);
			runOnlyForDeploymentPostprocessing = 0;
		};
		EAD643902D6C655700B39B52 /* Resources */ = {
			isa = PBXResourcesBuildPhase;
			buildActionMask = 2147483647;
			files = (
			);
			runOnlyForDeploymentPostprocessing = 0;
		};
		EAD6439A2D6C655700B39B52 /* Resources */ = {
			isa = PBXResourcesBuildPhase;
			buildActionMask = 2147483647;
			files = (
			);
			runOnlyForDeploymentPostprocessing = 0;
		};
/* End PBXResourcesBuildPhase section */

/* Begin PBXSourcesBuildPhase section */
		EAD6437E2D6C655500B39B52 /* Sources */ = {
			isa = PBXSourcesBuildPhase;
			buildActionMask = 2147483647;
			files = (
			);
			runOnlyForDeploymentPostprocessing = 0;
		};
		EAD6438E2D6C655700B39B52 /* Sources */ = {
			isa = PBXSourcesBuildPhase;
			buildActionMask = 2147483647;
			files = (
			);
			runOnlyForDeploymentPostprocessing = 0;
		};
		EAD643982D6C655700B39B52 /* Sources */ = {
			isa = PBXSourcesBuildPhase;
			buildActionMask = 2147483647;
			files = (
			);
			runOnlyForDeploymentPostprocessing = 0;
		};
/* End PBXSourcesBuildPhase section */

/* Begin PBXTargetDependency section */
		EAD643942D6C655700B39B52 /* PBXTargetDependency */ = {
			isa = PBXTargetDependency;
			target = EAD643812D6C655500B39B52 /* life-insurance-predictor */;
			targetProxy = EAD643932D6C655700B39B52 /* PBXContainerItemProxy */;
		};
		EAD6439E2D6C655700B39B52 /* PBXTargetDependency */ = {
			isa = PBXTargetDependency;
			target = EAD643812D6C655500B39B52 /* life-insurance-predictor */;
			targetProxy = EAD6439D2D6C655700B39B52 /* PBXContainerItemProxy */;
		};
/* End PBXTargetDependency section */

/* Begin XCBuildConfiguration section */
		EAD643A42D6C655700B39B52 /* Debug */ = {
			isa = XCBuildConfiguration;
			buildSettings = {
				ALWAYS_SEARCH_USER_PATHS = NO;
				ASSETCATALOG_COMPILER_GENERATE_SWIFT_ASSET_SYMBOL_EXTENSIONS = YES;
				CLANG_ANALYZER_NONNULL = YES;
				CLANG_ANALYZER_NUMBER_OBJECT_CONVERSION = YES_AGGRESSIVE;
				CLANG_CXX_LANGUAGE_STANDARD = "gnu++20";
				CLANG_ENABLE_MODULES = YES;
				CLANG_ENABLE_OBJC_ARC = YES;
				CLANG_ENABLE_OBJC_WEAK = YES;
				CLANG_WARN_BLOCK_CAPTURE_AUTORELEASING = YES;
				CLANG_WARN_BOOL_CONVERSION = YES;
				CLANG_WARN_COMMA = YES;
				CLANG_WARN_CONSTANT_CONVERSION = YES;
				CLANG_WARN_DEPRECATED_OBJC_IMPLEMENTATIONS = YES;
				CLANG_WARN_DIRECT_OBJC_ISA_USAGE = YES_ERROR;
				CLANG_WARN_DOCUMENTATION_COMMENTS = YES;
				CLANG_WARN_EMPTY_BODY = YES;
				CLANG_WARN_ENUM_CONVERSION = YES;
				CLANG_WARN_INFINITE_RECURSION = YES;
				CLANG_WARN_INT_CONVERSION = YES;
				CLANG_WARN_NON_LITERAL_NULL_CONVERSION = YES;
				CLANG_WARN_OBJC_IMPLICIT_RETAIN_SELF = YES;
				CLANG_WARN_OBJC_LITERAL_CONVERSION = YES;
				CLANG_WARN_OBJC_ROOT_CLASS = YES_ERROR;
				CLANG_WARN_QUOTED_INCLUDE_IN_FRAMEWORK_HEADER = YES;
				CLANG_WARN_RANGE_LOOP_ANALYSIS = YES;
				CLANG_WARN_STRICT_PROTOTYPES = YES;
				CLANG_WARN_SUSPICIOUS_MOVE = YES;
				CLANG_WARN_UNGUARDED_AVAILABILITY = YES_AGGRESSIVE;
				CLANG_WARN_UNREACHABLE_CODE = YES;
				CLANG_WARN__DUPLICATE_METHOD_MATCH = YES;
				COPY_PHASE_STRIP = NO;
				DEBUG_INFORMATION_FORMAT = dwarf;
				ENABLE_STRICT_OBJC_MSGSEND = YES;
				ENABLE_TESTABILITY = YES;
				ENABLE_USER_SCRIPT_SANDBOXING = YES;
				GCC_C_LANGUAGE_STANDARD = gnu17;
				GCC_DYNAMIC_NO_PIC = NO;
				GCC_NO_COMMON_BLOCKS = YES;
				GCC_OPTIMIZATION_LEVEL = 0;
				GCC_PREPROCESSOR_DEFINITIONS = (
					"DEBUG=1",
					"$(inherited)",
				);
				GCC_WARN_64_TO_32_BIT_CONVERSION = YES;
				GCC_WARN_ABOUT_RETURN_TYPE = YES_ERROR;
				GCC_WARN_UNDECLARED_SELECTOR = YES;
				GCC_WARN_UNINITIALIZED_AUTOS = YES_AGGRESSIVE;
				GCC_WARN_UNUSED_FUNCTION = YES;
				GCC_WARN_UNUSED_VARIABLE = YES;
				IPHONEOS_DEPLOYMENT_TARGET = 18.2;
				LOCALIZATION_PREFERS_STRING_CATALOGS = YES;
				MTL_ENABLE_DEBUG_INFO = INCLUDE_SOURCE;
				MTL_FAST_MATH = YES;
				ONLY_ACTIVE_ARCH = YES;
				SDKROOT = iphoneos;
				SWIFT_ACTIVE_COMPILATION_CONDITIONS = "DEBUG $(inherited)";
				SWIFT_OPTIMIZATION_LEVEL = "-Onone";
			};
			name = Debug;
		};
		EAD643A52D6C655700B39B52 /* Release */ = {
			isa = XCBuildConfiguration;
			buildSettings = {
				ALWAYS_SEARCH_USER_PATHS = NO;
				ASSETCATALOG_COMPILER_GENERATE_SWIFT_ASSET_SYMBOL_EXTENSIONS = YES;
				CLANG_ANALYZER_NONNULL = YES;
				CLANG_ANALYZER_NUMBER_OBJECT_CONVERSION = YES_AGGRESSIVE;
				CLANG_CXX_LANGUAGE_STANDARD = "gnu++20";
				CLANG_ENABLE_MODULES = YES;
				CLANG_ENABLE_OBJC_ARC = YES;
				CLANG_ENABLE_OBJC_WEAK = YES;
				CLANG_WARN_BLOCK_CAPTURE_AUTORELEASING = YES;
				CLANG_WARN_BOOL_CONVERSION = YES;
				CLANG_WARN_COMMA = YES;
				CLANG_WARN_CONSTANT_CONVERSION = YES;
				CLANG_WARN_DEPRECATED_OBJC_IMPLEMENTATIONS = YES;
				CLANG_WARN_DIRECT_OBJC_ISA_USAGE = YES_ERROR;
				CLANG_WARN_DOCUMENTATION_COMMENTS = YES;
				CLANG_WARN_EMPTY_BODY = YES;
				CLANG_WARN_ENUM_CONVERSION = YES;
				CLANG_WARN_INFINITE_RECURSION = YES;
				CLANG_WARN_INT_CONVERSION = YES;
				CLANG_WARN_NON_LITERAL_NULL_CONVERSION = YES;
				CLANG_WARN_OBJC_IMPLICIT_RETAIN_SELF = YES;
				CLANG_WARN_OBJC_LITERAL_CONVERSION = YES;
				CLANG_WARN_OBJC_ROOT_CLASS = YES_ERROR;
				CLANG_WARN_QUOTED_INCLUDE_IN_FRAMEWORK_HEADER = YES;
				CLANG_WARN_RANGE_LOOP_ANALYSIS = YES;
				CLANG_WARN_STRICT_PROTOTYPES = YES;
				CLANG_WARN_SUSPICIOUS_MOVE = YES;
				CLANG_WARN_UNGUARDED_AVAILABILITY = YES_AGGRESSIVE;
				CLANG_WARN_UNREACHABLE_CODE = YES;
				CLANG_WARN__DUPLICATE_METHOD_MATCH = YES;
				COPY_PHASE_STRIP = NO;
				DEBUG_INFORMATION_FORMAT = "dwarf-with-dsym";
				ENABLE_NS_ASSERTIONS = NO;
				ENABLE_STRICT_OBJC_MSGSEND = YES;
				ENABLE_USER_SCRIPT_SANDBOXING = YES;
				GCC_C_LANGUAGE_STANDARD = gnu17;
				GCC_NO_COMMON_BLOCKS = YES;
				GCC_WARN_64_TO_32_BIT_CONVERSION = YES;
				GCC_WARN_ABOUT_RETURN_TYPE = YES_ERROR;
				GCC_WARN_UNDECLARED_SELECTOR = YES;
				GCC_WARN_UNINITIALIZED_AUTOS = YES_AGGRESSIVE;
				GCC_WARN_UNUSED_FUNCTION = YES;
				GCC_WARN_UNUSED_VARIABLE = YES;
				IPHONEOS_DEPLOYMENT_TARGET = 18.2;
				LOCALIZATION_PREFERS_STRING_CATALOGS = YES;
				MTL_ENABLE_DEBUG_INFO = NO;
				MTL_FAST_MATH = YES;
				SDKROOT = iphoneos;
				SWIFT_COMPILATION_MODE = wholemodule;
				VALIDATE_PRODUCT = YES;
			};
			name = Release;
		};
		EAD643A72D6C655700B39B52 /* Debug */ = {
			isa = XCBuildConfiguration;
			buildSettings = {
				ASSETCATALOG_COMPILER_APPICON_NAME = AppIcon;
				ASSETCATALOG_COMPILER_GLOBAL_ACCENT_COLOR_NAME = AccentColor;
				CODE_SIGN_STYLE = Automatic;
				CURRENT_PROJECT_VERSION = 1;
				DEVELOPMENT_ASSET_PATHS = "\"life-insurance-predictor/Preview Content\"";
				ENABLE_PREVIEWS = YES;
				GENERATE_INFOPLIST_FILE = YES;
				INFOPLIST_KEY_UIApplicationSceneManifest_Generation = YES;
				INFOPLIST_KEY_UIApplicationSupportsIndirectInputEvents = YES;
				INFOPLIST_KEY_UILaunchScreen_Generation = YES;
				INFOPLIST_KEY_UISupportedInterfaceOrientations_iPad = "UIInterfaceOrientationPortrait UIInterfaceOrientationPortraitUpsideDown UIInterfaceOrientationLandscapeLeft UIInterfaceOrientationLandscapeRight";
				INFOPLIST_KEY_UISupportedInterfaceOrientations_iPhone = "UIInterfaceOrientationPortrait UIInterfaceOrientationLandscapeLeft UIInterfaceOrientationLandscapeRight";
				LD_RUNPATH_SEARCH_PATHS = (
					"$(inherited)",
					"@executable_path/Frameworks",
				);
				MARKETING_VERSION = 1.0;
				PRODUCT_BUNDLE_IDENTIFIER = "Tony.life-insurance-predictor";
				PRODUCT_NAME = "$(TARGET_NAME)";
				SWIFT_EMIT_LOC_STRINGS = YES;
				SWIFT_VERSION = 5.0;
				TARGETED_DEVICE_FAMILY = "1,2";
			};
			name = Debug;
		};
		EAD643A82D6C655700B39B52 /* Release */ = {
			isa = XCBuildConfiguration;
			buildSettings = {
				ASSETCATALOG_COMPILER_APPICON_NAME = AppIcon;
				ASSETCATALOG_COMPILER_GLOBAL_ACCENT_COLOR_NAME = AccentColor;
				CODE_SIGN_STYLE = Automatic;
				CURRENT_PROJECT_VERSION = 1;
				DEVELOPMENT_ASSET_PATHS = "\"life-insurance-predictor/Preview Content\"";
				ENABLE_PREVIEWS = YES;
				GENERATE_INFOPLIST_FILE = YES;
				INFOPLIST_KEY_UIApplicationSceneManifest_Generation = YES;
				INFOPLIST_KEY_UIApplicationSupportsIndirectInputEvents = YES;
				INFOPLIST_KEY_UILaunchScreen_Generation = YES;
				INFOPLIST_KEY_UISupportedInterfaceOrientations_iPad = "UIInterfaceOrientationPortrait UIInterfaceOrientationPortraitUpsideDown UIInterfaceOrientationLandscapeLeft UIInterfaceOrientationLandscapeRight";
				INFOPLIST_KEY_UISupportedInterfaceOrientations_iPhone = "UIInterfaceOrientationPortrait UIInterfaceOrientationLandscapeLeft UIInterfaceOrientationLandscapeRight";
				LD_RUNPATH_SEARCH_PATHS = (
					"$(inherited)",
					"@executable_path/Frameworks",
				);
				MARKETING_VERSION = 1.0;
				PRODUCT_BUNDLE_IDENTIFIER = "Tony.life-insurance-predictor";
				PRODUCT_NAME = "$(TARGET_NAME)";
				SWIFT_EMIT_LOC_STRINGS = YES;
				SWIFT_VERSION = 5.0;
				TARGETED_DEVICE_FAMILY = "1,2";
			};
			name = Release;
		};
		EAD643AA2D6C655700B39B52 /* Debug */ = {
			isa = XCBuildConfiguration;
			buildSettings = {
				BUNDLE_LOADER = "$(TEST_HOST)";
				CODE_SIGN_STYLE = Automatic;
				CURRENT_PROJECT_VERSION = 1;
				GENERATE_INFOPLIST_FILE = YES;
				IPHONEOS_DEPLOYMENT_TARGET = 18.2;
				MARKETING_VERSION = 1.0;
				PRODUCT_BUNDLE_IDENTIFIER = "Tony.life-insurance-predictorTests";
				PRODUCT_NAME = "$(TARGET_NAME)";
				SWIFT_EMIT_LOC_STRINGS = NO;
				SWIFT_VERSION = 5.0;
				TARGETED_DEVICE_FAMILY = "1,2";
				TEST_HOST = "$(BUILT_PRODUCTS_DIR)/life-insurance-predictor.app/$(BUNDLE_EXECUTABLE_FOLDER_PATH)/life-insurance-predictor";
			};
			name = Debug;
		};
		EAD643AB2D6C655700B39B52 /* Release */ = {
			isa = XCBuildConfiguration;
			buildSettings = {
				BUNDLE_LOADER = "$(TEST_HOST)";
				CODE_SIGN_STYLE = Automatic;
				CURRENT_PROJECT_VERSION = 1;
				GENERATE_INFOPLIST_FILE = YES;
				IPHONEOS_DEPLOYMENT_TARGET = 18.2;
				MARKETING_VERSION = 1.0;
				PRODUCT_BUNDLE_IDENTIFIER = "Tony.life-insurance-predictorTests";
				PRODUCT_NAME = "$(TARGET_NAME)";
				SWIFT_EMIT_LOC_STRINGS = NO;
				SWIFT_VERSION = 5.0;
				TARGETED_DEVICE_FAMILY = "1,2";
				TEST_HOST = "$(BUILT_PRODUCTS_DIR)/life-insurance-predictor.app/$(BUNDLE_EXECUTABLE_FOLDER_PATH)/life-insurance-predictor";
			};
			name = Release;
		};
		EAD643AD2D6C655700B39B52 /* Debug */ = {
			isa = XCBuildConfiguration;
			buildSettings = {
				CODE_SIGN_STYLE = Automatic;
				CURRENT_PROJECT_VERSION = 1;
				GENERATE_INFOPLIST_FILE = YES;
				MARKETING_VERSION = 1.0;
				PRODUCT_BUNDLE_IDENTIFIER = "Tony.life-insurance-predictorUITests";
				PRODUCT_NAME = "$(TARGET_NAME)";
				SWIFT_EMIT_LOC_STRINGS = NO;
				SWIFT_VERSION = 5.0;
				TARGETED_DEVICE_FAMILY = "1,2";
				TEST_TARGET_NAME = "life-insurance-predictor";
			};
			name = Debug;
		};
		EAD643AE2D6C655700B39B52 /* Release */ = {
			isa = XCBuildConfiguration;
			buildSettings = {
				CODE_SIGN_STYLE = Automatic;
				CURRENT_PROJECT_VERSION = 1;
				GENERATE_INFOPLIST_FILE = YES;
				MARKETING_VERSION = 1.0;
				PRODUCT_BUNDLE_IDENTIFIER = "Tony.life-insurance-predictorUITests";
				PRODUCT_NAME = "$(TARGET_NAME)";
				SWIFT_EMIT_LOC_STRINGS = NO;
				SWIFT_VERSION = 5.0;
				TARGETED_DEVICE_FAMILY = "1,2";
				TEST_TARGET_NAME = "life-insurance-predictor";
			};
			name = Release;
		};
/* End XCBuildConfiguration section */

/* Begin XCConfigurationList section */
		EAD6437D2D6C655500B39B52 /* Build configuration list for PBXProject "life-insurance-predictor" */ = {
			isa = XCConfigurationList;
			buildConfigurations = (
				EAD643A42D6C655700B39B52 /* Debug */,
				EAD643A52D6C655700B39B52 /* Release */,
			);
			defaultConfigurationIsVisible = 0;
			defaultConfigurationName = Release;
		};
		EAD643A62D6C655700B39B52 /* Build configuration list for PBXNativeTarget "life-insurance-predictor" */ = {
			isa = XCConfigurationList;
			buildConfigurations = (
				EAD643A72D6C655700B39B52 /* Debug */,
				EAD643A82D6C655700B39B52 /* Release */,
			);
			defaultConfigurationIsVisible = 0;
			defaultConfigurationName = Release;
		};
		EAD643A92D6C655700B39B52 /* Build configuration list for PBXNativeTarget "life-insurance-predictorTests" */ = {
			isa = XCConfigurationList;
			buildConfigurations = (
				EAD643AA2D6C655700B39B52 /* Debug */,
				EAD643AB2D6C655700B39B52 /* Release */,
			);
			defaultConfigurationIsVisible = 0;
			defaultConfigurationName = Release;
		};
		EAD643AC2D6C655700B39B52 /* Build configuration list for PBXNativeTarget "life-insurance-predictorUITests" */ = {
			isa = XCConfigurationList;
			buildConfigurations = (
				EAD643AD2D6C655700B39B52 /* Debug */,
				EAD643AE2D6C655700B39B52 /* Release */,
			);
			defaultConfigurationIsVisible = 0;
			defaultConfigurationName = Release;
		};
/* End XCConfigurationList section */
	};
	rootObject = EAD6437A2D6C655500B39B52 /* Project object */;
}
